
Microsoft Visual Studio Solution File, Format Version 12.00
# Visual Studio Version 16
VisualStudioVersion = 16.0.31019.35
MinimumVisualStudioVersion = 10.0.40219.1
Project("{FAE04EC0-301F-11D3-BF4B-00C04F79EFBC}") = "projeto", "projeto\projeto.csproj", "{CEAE75EE-2388-44D6-9C96-3EC5F237FB80}"
EndProject
Project("{FAE04EC0-301F-11D3-BF4B-00C04F79EFBC}") = "Soma numeros", "Soma numeros\Soma numeros.csproj", "{B53F1AED-2246-450F-978E-70D6E9541F26}"
EndProject
Global
	GlobalSection(SolutionConfigurationPlatforms) = preSolution
		Debug|Any CPU = Debug|Any CPU
		Release|Any CPU = Release|Any CPU
	EndGlobalSection
	GlobalSection(ProjectConfigurationPlatforms) = postSolution
		{CEAE75EE-2388-44D6-9C96-3EC5F237FB80}.Debug|Any CPU.ActiveCfg = Debug|Any CPU
		{CEAE75EE-2388-44D6-9C96-3EC5F237FB80}.Debug|Any CPU.Build.0 = Debug|Any CPU
		{CEAE75EE-2388-44D6-9C96-3EC5F237FB80}.Release|Any CPU.ActiveCfg = Release|Any CPU
		{CEAE75EE-2388-44D6-9C96-3EC5F237FB80}.Release|Any CPU.Build.0 = Release|Any CPU
		{B53F1AED-2246-450F-978E-70D6E9541F26}.Debug|Any CPU.ActiveCfg = Debug|Any CPU
		{B53F1AED-2246-450F-978E-70D6E9541F26}.Debug|Any CPU.Build.0 = Debug|Any CPU
		{B53F1AED-2246-450F-978E-70D6E9541F26}.Release|Any CPU.ActiveCfg = Release|Any CPU
		{B53F1AED-2246-450F-978E-70D6E9541F26}.Release|Any CPU.Build.0 = Release|Any CPU
	EndGlobalSection
	GlobalSection(SolutionProperties) = preSolution
		HideSolutionNode = FALSE
	EndGlobalSection
	GlobalSection(ExtensibilityGlobals) = postSolution
		SolutionGuid = {D9DB15AA-E9EA-441C-8E23-3B86FA91BF4E}
	EndGlobalSection
EndGlobal
